
Microsoft Visual Studio Solution File, Format Version 12.00
# Visual Studio 2012
Project("{2150E333-8FDC-42A3-9474-1A3956D46DE8}") = "Data Tier", "Data Tier", "{9273BD04-0627-44E6-A6E7-E7D3BD51FC9A}"
EndProject
Project("{FAE04EC0-301F-11D3-BF4B-00C04F79EFBC}") = "HomeScrum.Data", "HomeScrum.Data\HomeScrum.Data.csproj", "{A28EE600-6B54-4D61-8E60-8B32F3BEEFED}"
EndProject
Project("{FAE04EC0-301F-11D3-BF4B-00C04F79EFBC}") = "HomeScrum.Data.SqlServer", "HomeScrum.Data.SqlServer\HomeScrum.Data.SqlServer.csproj", "{6B0B91F7-D752-4D5D-B3D2-BDC17C17A4A5}"
EndProject
Project("{FAE04EC0-301F-11D3-BF4B-00C04F79EFBC}") = "HomeScrum.Data.TestConsole", "HomeScrum.Data.TestConsole\HomeScrum.Data.TestConsole.csproj", "{177F6A78-A887-4E61-8387-D2DEC92BCB66}"
EndProject
Project("{FAE04EC0-301F-11D3-BF4B-00C04F79EFBC}") = "HomeScrum.Data.UnitTest", "HomeScrum.Data.UnitTest\HomeScrum.Data.UnitTest.csproj", "{98F49845-A724-4F85-BF6B-02EA7BE2EBE5}"
EndProject
Project("{2150E333-8FDC-42A3-9474-1A3956D46DE8}") = ".nuget", ".nuget", "{964DAB25-1F14-48C6-BD00-A0FF6B055F44}"
	ProjectSection(SolutionItems) = preProject
		.nuget\NuGet.Config = .nuget\NuGet.Config
		.nuget\NuGet.exe = .nuget\NuGet.exe
		.nuget\NuGet.targets = .nuget\NuGet.targets
	EndProjectSection
EndProject
Project("{FAE04EC0-301F-11D3-BF4B-00C04F79EFBC}") = "HomeScrum.Web", "HomeScrum.Web\HomeScrum.Web.csproj", "{7457C51A-7B0E-4501-9787-27051B002256}"
EndProject
Project("{FAE04EC0-301F-11D3-BF4B-00C04F79EFBC}") = "HomeScrum.Web.UnitTest", "HomeScrum.Web.UnitTest\HomeScrum.Web.UnitTest.csproj", "{A6B20A88-FF9C-464A-B121-99CEEACB6231}"
EndProject
Project("{2150E333-8FDC-42A3-9474-1A3956D46DE8}") = "Common", "Common", "{CEAA8DDD-81C6-412F-9A53-5DA98065831C}"
EndProject
Project("{FAE04EC0-301F-11D3-BF4B-00C04F79EFBC}") = "HomeScrum.Common.TestData", "HomeScrum.Common.TestData\HomeScrum.Common.TestData.csproj", "{BC28D6B5-11DA-4311-9DBE-F08D3B8002D9}"
EndProject
Project("{FAE04EC0-301F-11D3-BF4B-00C04F79EFBC}") = "HomeScrum.Common.Test.Utility", "HomeScrum.Common.Test.Utility\HomeScrum.Common.Test.Utility.csproj", "{62C6E62F-A3A7-4A02-B6F3-72103851D9AC}"
EndProject
Global
	GlobalSection(SolutionConfigurationPlatforms) = preSolution
		Debug|Any CPU = Debug|Any CPU
		Release|Any CPU = Release|Any CPU
	EndGlobalSection
	GlobalSection(ProjectConfigurationPlatforms) = postSolution
		{A28EE600-6B54-4D61-8E60-8B32F3BEEFED}.Debug|Any CPU.ActiveCfg = Debug|Any CPU
		{A28EE600-6B54-4D61-8E60-8B32F3BEEFED}.Debug|Any CPU.Build.0 = Debug|Any CPU
		{A28EE600-6B54-4D61-8E60-8B32F3BEEFED}.Release|Any CPU.ActiveCfg = Release|Any CPU
		{A28EE600-6B54-4D61-8E60-8B32F3BEEFED}.Release|Any CPU.Build.0 = Release|Any CPU
		{6B0B91F7-D752-4D5D-B3D2-BDC17C17A4A5}.Debug|Any CPU.ActiveCfg = Debug|Any CPU
		{6B0B91F7-D752-4D5D-B3D2-BDC17C17A4A5}.Debug|Any CPU.Build.0 = Debug|Any CPU
		{6B0B91F7-D752-4D5D-B3D2-BDC17C17A4A5}.Release|Any CPU.ActiveCfg = Release|Any CPU
		{6B0B91F7-D752-4D5D-B3D2-BDC17C17A4A5}.Release|Any CPU.Build.0 = Release|Any CPU
		{177F6A78-A887-4E61-8387-D2DEC92BCB66}.Debug|Any CPU.ActiveCfg = Debug|Any CPU
		{177F6A78-A887-4E61-8387-D2DEC92BCB66}.Debug|Any CPU.Build.0 = Debug|Any CPU
		{177F6A78-A887-4E61-8387-D2DEC92BCB66}.Release|Any CPU.ActiveCfg = Release|Any CPU
		{177F6A78-A887-4E61-8387-D2DEC92BCB66}.Release|Any CPU.Build.0 = Release|Any CPU
		{98F49845-A724-4F85-BF6B-02EA7BE2EBE5}.Debug|Any CPU.ActiveCfg = Debug|Any CPU
		{98F49845-A724-4F85-BF6B-02EA7BE2EBE5}.Debug|Any CPU.Build.0 = Debug|Any CPU
		{98F49845-A724-4F85-BF6B-02EA7BE2EBE5}.Release|Any CPU.ActiveCfg = Release|Any CPU
		{98F49845-A724-4F85-BF6B-02EA7BE2EBE5}.Release|Any CPU.Build.0 = Release|Any CPU
		{7457C51A-7B0E-4501-9787-27051B002256}.Debug|Any CPU.ActiveCfg = Debug|Any CPU
		{7457C51A-7B0E-4501-9787-27051B002256}.Debug|Any CPU.Build.0 = Debug|Any CPU
		{7457C51A-7B0E-4501-9787-27051B002256}.Release|Any CPU.ActiveCfg = Release|Any CPU
		{7457C51A-7B0E-4501-9787-27051B002256}.Release|Any CPU.Build.0 = Release|Any CPU
		{A6B20A88-FF9C-464A-B121-99CEEACB6231}.Debug|Any CPU.ActiveCfg = Debug|Any CPU
		{A6B20A88-FF9C-464A-B121-99CEEACB6231}.Debug|Any CPU.Build.0 = Debug|Any CPU
		{A6B20A88-FF9C-464A-B121-99CEEACB6231}.Release|Any CPU.ActiveCfg = Release|Any CPU
		{A6B20A88-FF9C-464A-B121-99CEEACB6231}.Release|Any CPU.Build.0 = Release|Any CPU
		{BC28D6B5-11DA-4311-9DBE-F08D3B8002D9}.Debug|Any CPU.ActiveCfg = Debug|Any CPU
		{BC28D6B5-11DA-4311-9DBE-F08D3B8002D9}.Debug|Any CPU.Build.0 = Debug|Any CPU
		{BC28D6B5-11DA-4311-9DBE-F08D3B8002D9}.Release|Any CPU.ActiveCfg = Release|Any CPU
		{BC28D6B5-11DA-4311-9DBE-F08D3B8002D9}.Release|Any CPU.Build.0 = Release|Any CPU
		{62C6E62F-A3A7-4A02-B6F3-72103851D9AC}.Debug|Any CPU.ActiveCfg = Debug|Any CPU
		{62C6E62F-A3A7-4A02-B6F3-72103851D9AC}.Debug|Any CPU.Build.0 = Debug|Any CPU
		{62C6E62F-A3A7-4A02-B6F3-72103851D9AC}.Release|Any CPU.ActiveCfg = Release|Any CPU
		{62C6E62F-A3A7-4A02-B6F3-72103851D9AC}.Release|Any CPU.Build.0 = Release|Any CPU
	EndGlobalSection
	GlobalSection(SolutionProperties) = preSolution
		HideSolutionNode = FALSE
	EndGlobalSection
	GlobalSection(NestedProjects) = preSolution
		{A28EE600-6B54-4D61-8E60-8B32F3BEEFED} = {9273BD04-0627-44E6-A6E7-E7D3BD51FC9A}
		{6B0B91F7-D752-4D5D-B3D2-BDC17C17A4A5} = {9273BD04-0627-44E6-A6E7-E7D3BD51FC9A}
		{177F6A78-A887-4E61-8387-D2DEC92BCB66} = {9273BD04-0627-44E6-A6E7-E7D3BD51FC9A}
		{98F49845-A724-4F85-BF6B-02EA7BE2EBE5} = {9273BD04-0627-44E6-A6E7-E7D3BD51FC9A}
		{BC28D6B5-11DA-4311-9DBE-F08D3B8002D9} = {CEAA8DDD-81C6-412F-9A53-5DA98065831C}
		{62C6E62F-A3A7-4A02-B6F3-72103851D9AC} = {CEAA8DDD-81C6-412F-9A53-5DA98065831C}
	EndGlobalSection
EndGlobal
