
Microsoft Visual Studio Solution File, Format Version 12.00
# Visual Studio 2012
Project("{2150E333-8FDC-42A3-9474-1A3956D46DE8}") = "Data Tier", "Data Tier", "{9273BD04-0627-44E6-A6E7-E7D3BD51FC9A}"
EndProject
Project("{FAE04EC0-301F-11D3-BF4B-00C04F79EFBC}") = "HomeScrum.Data", "HomeScrum.Data\HomeScrum.Data.csproj", "{A28EE600-6B54-4D61-8E60-8B32F3BEEFED}"
EndProject
Global
	GlobalSection(SolutionConfigurationPlatforms) = preSolution
		Debug|Any CPU = Debug|Any CPU
		Release|Any CPU = Release|Any CPU
	EndGlobalSection
	GlobalSection(ProjectConfigurationPlatforms) = postSolution
		{A28EE600-6B54-4D61-8E60-8B32F3BEEFED}.Debug|Any CPU.ActiveCfg = Debug|Any CPU
		{A28EE600-6B54-4D61-8E60-8B32F3BEEFED}.Debug|Any CPU.Build.0 = Debug|Any CPU
		{A28EE600-6B54-4D61-8E60-8B32F3BEEFED}.Release|Any CPU.ActiveCfg = Release|Any CPU
		{A28EE600-6B54-4D61-8E60-8B32F3BEEFED}.Release|Any CPU.Build.0 = Release|Any CPU
	EndGlobalSection
	GlobalSection(SolutionProperties) = preSolution
		HideSolutionNode = FALSE
	EndGlobalSection
	GlobalSection(NestedProjects) = preSolution
		{A28EE600-6B54-4D61-8E60-8B32F3BEEFED} = {9273BD04-0627-44E6-A6E7-E7D3BD51FC9A}
	EndGlobalSection
EndGlobal
